
Microsoft Visual Studio Solution File, Format Version 12.00
# Visual Studio 14
VisualStudioVersion = 14.0.24720.0
MinimumVisualStudioVersion = 10.0.40219.1
Project("{FAE04EC0-301F-11D3-BF4B-00C04F79EFBC}") = "MVC_POS_EntityFrameWork.UI", "MVC_POS_EntityFrameWork.UI\MVC_POS_EntityFrameWork.UI.csproj", "{36C76E67-FCEC-48B1-83AF-F36BF19A42DD}"
EndProject
Project("{FAE04EC0-301F-11D3-BF4B-00C04F79EFBC}") = "MVC_POS_EntityFrameWork.DataAccess", "MVC_POS_EntityFrameWork.DataAccess\MVC_POS_EntityFrameWork.DataAccess.csproj", "{A32E3890-7948-41CE-BB5E-C77685710D65}"
EndProject
Global
	GlobalSection(SolutionConfigurationPlatforms) = preSolution
		Debug|Any CPU = Debug|Any CPU
		Release|Any CPU = Release|Any CPU
	EndGlobalSection
	GlobalSection(ProjectConfigurationPlatforms) = postSolution
		{36C76E67-FCEC-48B1-83AF-F36BF19A42DD}.Debug|Any CPU.ActiveCfg = Debug|Any CPU
		{36C76E67-FCEC-48B1-83AF-F36BF19A42DD}.Debug|Any CPU.Build.0 = Debug|Any CPU
		{36C76E67-FCEC-48B1-83AF-F36BF19A42DD}.Release|Any CPU.ActiveCfg = Release|Any CPU
		{36C76E67-FCEC-48B1-83AF-F36BF19A42DD}.Release|Any CPU.Build.0 = Release|Any CPU
		{A32E3890-7948-41CE-BB5E-C77685710D65}.Debug|Any CPU.ActiveCfg = Debug|Any CPU
		{A32E3890-7948-41CE-BB5E-C77685710D65}.Debug|Any CPU.Build.0 = Debug|Any CPU
		{A32E3890-7948-41CE-BB5E-C77685710D65}.Release|Any CPU.ActiveCfg = Release|Any CPU
		{A32E3890-7948-41CE-BB5E-C77685710D65}.Release|Any CPU.Build.0 = Release|Any CPU
	EndGlobalSection
	GlobalSection(SolutionProperties) = preSolution
		HideSolutionNode = FALSE
	EndGlobalSection
EndGlobal
